
Microsoft Visual Studio Solution File, Format Version 12.00
# Visual Studio 14
VisualStudioVersion = 14.0.25420.1
MinimumVisualStudioVersion = 10.0.40219.1
Project("{FAE04EC0-301F-11D3-BF4B-00C04F79EFBC}") = "EMWebApi", "EMWebApi\EMWebApi.csproj", "{15E5066F-25A9-42EE-AE8B-E1B737B55822}"
EndProject
Project("{FAE04EC0-301F-11D3-BF4B-00C04F79EFBC}") = "CostumerOperations", "CostumerOperations\CostumerOperations.csproj", "{802C7B7A-0E4D-4621-897D-9BCC27EE0C96}"
EndProject
Global
	GlobalSection(SolutionConfigurationPlatforms) = preSolution
		Debug|Any CPU = Debug|Any CPU
		Release|Any CPU = Release|Any CPU
	EndGlobalSection
	GlobalSection(ProjectConfigurationPlatforms) = postSolution
		{15E5066F-25A9-42EE-AE8B-E1B737B55822}.Debug|Any CPU.ActiveCfg = Debug|Any CPU
		{15E5066F-25A9-42EE-AE8B-E1B737B55822}.Debug|Any CPU.Build.0 = Debug|Any CPU
		{15E5066F-25A9-42EE-AE8B-E1B737B55822}.Release|Any CPU.ActiveCfg = Release|Any CPU
		{15E5066F-25A9-42EE-AE8B-E1B737B55822}.Release|Any CPU.Build.0 = Release|Any CPU
		{802C7B7A-0E4D-4621-897D-9BCC27EE0C96}.Debug|Any CPU.ActiveCfg = Debug|Any CPU
		{802C7B7A-0E4D-4621-897D-9BCC27EE0C96}.Debug|Any CPU.Build.0 = Debug|Any CPU
		{802C7B7A-0E4D-4621-897D-9BCC27EE0C96}.Release|Any CPU.ActiveCfg = Release|Any CPU
		{802C7B7A-0E4D-4621-897D-9BCC27EE0C96}.Release|Any CPU.Build.0 = Release|Any CPU
	EndGlobalSection
	GlobalSection(SolutionProperties) = preSolution
		HideSolutionNode = FALSE
	EndGlobalSection
EndGlobal
